
Microsoft Visual Studio Solution File, Format Version 12.00
# Visual Studio Version 17
VisualStudioVersion = 17.1.32421.90
MinimumVisualStudioVersion = 10.0.40219.1
Project("{9A19103F-16F7-4668-BE54-9A1E7A4F7556}") = "TodoList", "TodoList.csproj", "{C7410FEE-E6F8-45AC-8ACB-D63A3C126D26}"
EndProject
Global
	GlobalSection(SolutionConfigurationPlatforms) = preSolution
		Debug|Any CPU = Debug|Any CPU
		Release|Any CPU = Release|Any CPU
	EndGlobalSection
	GlobalSection(ProjectConfigurationPlatforms) = postSolution
		{C7410FEE-E6F8-45AC-8ACB-D63A3C126D26}.Debug|Any CPU.ActiveCfg = Debug|Any CPU
		{C7410FEE-E6F8-45AC-8ACB-D63A3C126D26}.Debug|Any CPU.Build.0 = Debug|Any CPU
		{C7410FEE-E6F8-45AC-8ACB-D63A3C126D26}.Release|Any CPU.ActiveCfg = Release|Any CPU
		{C7410FEE-E6F8-45AC-8ACB-D63A3C126D26}.Release|Any CPU.Build.0 = Release|Any CPU
	EndGlobalSection
	GlobalSection(SolutionProperties) = preSolution
		HideSolutionNode = FALSE
	EndGlobalSection
	GlobalSection(ExtensibilityGlobals) = postSolution
		SolutionGuid = {1626B173-3705-4E5D-9E09-5134B1323ED1}
	EndGlobalSection
EndGlobal
